
Microsoft Visual Studio Solution File, Format Version 12.00
# Visual Studio 2012
Project("{2150E333-8FDC-42A3-9474-1A3956D46DE8}") = ".nuget", ".nuget", "{177CA30D-DFA7-463C-8FB0-DF94D2BAABE2}"
	ProjectSection(SolutionItems) = preProject
		.nuget\packages.config = .nuget\packages.config
	EndProjectSection
EndProject
Project("{FAE04EC0-301F-11D3-BF4B-00C04F79EFBC}") = "Natter", "Natter\Natter.csproj", "{186195BC-FEF1-4624-AB9B-768A4EF54F7F}"
EndProject
Project("{FAE04EC0-301F-11D3-BF4B-00C04F79EFBC}") = "Natter.Test", "Natter.Test\Natter.Test.csproj", "{4B93CC16-6867-49B8-8501-4AC89A5D7DC5}"
EndProject
Global
	GlobalSection(SolutionConfigurationPlatforms) = preSolution
		Debug|Any CPU = Debug|Any CPU
		Release|Any CPU = Release|Any CPU
	EndGlobalSection
	GlobalSection(ProjectConfigurationPlatforms) = postSolution
		{186195BC-FEF1-4624-AB9B-768A4EF54F7F}.Debug|Any CPU.ActiveCfg = Debug|Any CPU
		{186195BC-FEF1-4624-AB9B-768A4EF54F7F}.Debug|Any CPU.Build.0 = Debug|Any CPU
		{186195BC-FEF1-4624-AB9B-768A4EF54F7F}.Release|Any CPU.ActiveCfg = Release|Any CPU
		{186195BC-FEF1-4624-AB9B-768A4EF54F7F}.Release|Any CPU.Build.0 = Release|Any CPU
		{4B93CC16-6867-49B8-8501-4AC89A5D7DC5}.Debug|Any CPU.ActiveCfg = Debug|Any CPU
		{4B93CC16-6867-49B8-8501-4AC89A5D7DC5}.Debug|Any CPU.Build.0 = Debug|Any CPU
		{4B93CC16-6867-49B8-8501-4AC89A5D7DC5}.Release|Any CPU.ActiveCfg = Release|Any CPU
		{4B93CC16-6867-49B8-8501-4AC89A5D7DC5}.Release|Any CPU.Build.0 = Release|Any CPU
	EndGlobalSection
	GlobalSection(SolutionProperties) = preSolution
		HideSolutionNode = FALSE
	EndGlobalSection
EndGlobal
